
Microsoft Visual Studio Solution File, Format Version 12.00
# Visual Studio Version 16
VisualStudioVersion = 16.0.31727.386
MinimumVisualStudioVersion = 10.0.40219.1
Project("{9A19103F-16F7-4668-BE54-9A1E7A4F7556}") = "HoHoHo", "HoHoHo\HoHoHo.csproj", "{E818CAFF-65B2-470C-BC12-CB05C28CB541}"
EndProject
Project("{9A19103F-16F7-4668-BE54-9A1E7A4F7556}") = "Pneu", "Pneu\Pneu.csproj", "{176AEE2F-ACCE-4DE5-BEDD-35F910DEA514}"
EndProject
Project("{9A19103F-16F7-4668-BE54-9A1E7A4F7556}") = "Quadrante", "Quadrante\Quadrante.csproj", "{8F50BC13-D034-4732-8489-BA07CDC40D1C}"
EndProject
Project("{FAE04EC0-301F-11D3-BF4B-00C04F79EFBC}") = "MaiorEPosicao", "MaiorEPosicao\MaiorEPosicao.csproj", "{5AC8C336-D842-4AC9-B077-DD2F5D728C20}"
EndProject
Project("{FAE04EC0-301F-11D3-BF4B-00C04F79EFBC}") = "GuilhermeESuasPipas", "GuilhermeESuasPipas\GuilhermeESuasPipas.csproj", "{8B34BF13-8EE8-4A8A-8877-58547A492E47}"
EndProject
Project("{FAE04EC0-301F-11D3-BF4B-00C04F79EFBC}") = "SomaDeImparesConsecutivosI", "SomaDeImparesConsecutivosI\SomaDeImparesConsecutivosI.csproj", "{4B27754D-F478-420C-8126-6886E8697894}"
EndProject
Global
	GlobalSection(SolutionConfigurationPlatforms) = preSolution
		Debug|Any CPU = Debug|Any CPU
		Release|Any CPU = Release|Any CPU
	EndGlobalSection
	GlobalSection(ProjectConfigurationPlatforms) = postSolution
		{E818CAFF-65B2-470C-BC12-CB05C28CB541}.Debug|Any CPU.ActiveCfg = Debug|Any CPU
		{E818CAFF-65B2-470C-BC12-CB05C28CB541}.Debug|Any CPU.Build.0 = Debug|Any CPU
		{E818CAFF-65B2-470C-BC12-CB05C28CB541}.Release|Any CPU.ActiveCfg = Release|Any CPU
		{E818CAFF-65B2-470C-BC12-CB05C28CB541}.Release|Any CPU.Build.0 = Release|Any CPU
		{176AEE2F-ACCE-4DE5-BEDD-35F910DEA514}.Debug|Any CPU.ActiveCfg = Debug|Any CPU
		{176AEE2F-ACCE-4DE5-BEDD-35F910DEA514}.Debug|Any CPU.Build.0 = Debug|Any CPU
		{176AEE2F-ACCE-4DE5-BEDD-35F910DEA514}.Release|Any CPU.ActiveCfg = Release|Any CPU
		{176AEE2F-ACCE-4DE5-BEDD-35F910DEA514}.Release|Any CPU.Build.0 = Release|Any CPU
		{8F50BC13-D034-4732-8489-BA07CDC40D1C}.Debug|Any CPU.ActiveCfg = Debug|Any CPU
		{8F50BC13-D034-4732-8489-BA07CDC40D1C}.Debug|Any CPU.Build.0 = Debug|Any CPU
		{8F50BC13-D034-4732-8489-BA07CDC40D1C}.Release|Any CPU.ActiveCfg = Release|Any CPU
		{8F50BC13-D034-4732-8489-BA07CDC40D1C}.Release|Any CPU.Build.0 = Release|Any CPU
		{5AC8C336-D842-4AC9-B077-DD2F5D728C20}.Debug|Any CPU.ActiveCfg = Debug|Any CPU
		{5AC8C336-D842-4AC9-B077-DD2F5D728C20}.Debug|Any CPU.Build.0 = Debug|Any CPU
		{5AC8C336-D842-4AC9-B077-DD2F5D728C20}.Release|Any CPU.ActiveCfg = Release|Any CPU
		{5AC8C336-D842-4AC9-B077-DD2F5D728C20}.Release|Any CPU.Build.0 = Release|Any CPU
		{8B34BF13-8EE8-4A8A-8877-58547A492E47}.Debug|Any CPU.ActiveCfg = Debug|Any CPU
		{8B34BF13-8EE8-4A8A-8877-58547A492E47}.Debug|Any CPU.Build.0 = Debug|Any CPU
		{8B34BF13-8EE8-4A8A-8877-58547A492E47}.Release|Any CPU.ActiveCfg = Release|Any CPU
		{8B34BF13-8EE8-4A8A-8877-58547A492E47}.Release|Any CPU.Build.0 = Release|Any CPU
		{4B27754D-F478-420C-8126-6886E8697894}.Debug|Any CPU.ActiveCfg = Debug|Any CPU
		{4B27754D-F478-420C-8126-6886E8697894}.Debug|Any CPU.Build.0 = Debug|Any CPU
		{4B27754D-F478-420C-8126-6886E8697894}.Release|Any CPU.ActiveCfg = Release|Any CPU
		{4B27754D-F478-420C-8126-6886E8697894}.Release|Any CPU.Build.0 = Release|Any CPU
	EndGlobalSection
	GlobalSection(SolutionProperties) = preSolution
		HideSolutionNode = FALSE
	EndGlobalSection
	GlobalSection(ExtensibilityGlobals) = postSolution
		SolutionGuid = {24A07039-B6DD-4653-8FF1-6A5322C585EB}
	EndGlobalSection
EndGlobal
